
Microsoft Visual Studio Solution File, Format Version 12.00
# Visual Studio Version 16
VisualStudioVersion = 16.0.30406.217
MinimumVisualStudioVersion = 10.0.40219.1
Project("{9A19103F-16F7-4668-BE54-9A1E7A4F7556}") = "Simcrm.Api", "Simcrm.Api.csproj", "{E08A2DAF-875A-4DA8-A253-87415B2F31F9}"
EndProject
Project("{2150E333-8FDC-42A3-9474-1A3956D46DE8}") = "src", "src", "{BCCAE507-6891-4584-A765-0272AC7C35E4}"
EndProject
Global
	GlobalSection(SolutionConfigurationPlatforms) = preSolution
		Debug|Any CPU = Debug|Any CPU
		Release|Any CPU = Release|Any CPU
	EndGlobalSection
	GlobalSection(ProjectConfigurationPlatforms) = postSolution
		{E08A2DAF-875A-4DA8-A253-87415B2F31F9}.Debug|Any CPU.ActiveCfg = Debug|Any CPU
		{E08A2DAF-875A-4DA8-A253-87415B2F31F9}.Debug|Any CPU.Build.0 = Debug|Any CPU
		{E08A2DAF-875A-4DA8-A253-87415B2F31F9}.Release|Any CPU.ActiveCfg = Release|Any CPU
		{E08A2DAF-875A-4DA8-A253-87415B2F31F9}.Release|Any CPU.Build.0 = Release|Any CPU
	EndGlobalSection
	GlobalSection(SolutionProperties) = preSolution
		HideSolutionNode = FALSE
	EndGlobalSection
	GlobalSection(NestedProjects) = preSolution
		{E08A2DAF-875A-4DA8-A253-87415B2F31F9} = {BCCAE507-6891-4584-A765-0272AC7C35E4}
	EndGlobalSection
	GlobalSection(ExtensibilityGlobals) = postSolution
		SolutionGuid = {9753C473-7C78-4CDA-9EE1-3F057C51D5CA}
	EndGlobalSection
EndGlobal
